Microsoft Visual Studio Solution File, Format Version 12.00
# Visual Studio Version 17
VisualStudioVersion = 17.5.2.0
MinimumVisualStudioVersion = 10.0.40219.1
Project("{FAE04EC0-301F-11D3-BF4B-00C04F79EFBC}") = "patch_management", "patch_management.csproj", "{CDED3452-1285-B7EA-69E3-5FF7571DC390}"
EndProject
Global
	GlobalSection(SolutionConfigurationPlatforms) = preSolution
		Debug|Any CPU = Debug|Any CPU
		Release|Any CPU = Release|Any CPU
	EndGlobalSection
	GlobalSection(ProjectConfigurationPlatforms) = postSolution
		{CDED3452-1285-B7EA-69E3-5FF7571DC390}.Debug|Any CPU.ActiveCfg = Debug|Any CPU
		{CDED3452-1285-B7EA-69E3-5FF7571DC390}.Debug|Any CPU.Build.0 = Debug|Any CPU
		{CDED3452-1285-B7EA-69E3-5FF7571DC390}.Release|Any CPU.ActiveCfg = Release|Any CPU
		{CDED3452-1285-B7EA-69E3-5FF7571DC390}.Release|Any CPU.Build.0 = Release|Any CPU
	EndGlobalSection
	GlobalSection(SolutionProperties) = preSolution
		HideSolutionNode = FALSE
	EndGlobalSection
	GlobalSection(ExtensibilityGlobals) = postSolution
		SolutionGuid = {20E7E1B9-5948-4A38-A6BE-92371F44AF24}
	EndGlobalSection
EndGlobal
